
Microsoft Visual Studio Solution File, Format Version 12.00
# Visual Studio 14
VisualStudioVersion = 14.0.23107.0
MinimumVisualStudioVersion = 10.0.40219.1
Project("{FAE04EC0-301F-11D3-BF4B-00C04F79EFBC}") = "App1", "App1\App1\App1.csproj", "{9E9642F8-90F3-4AF7-BD2F-1B2AFAE9F5CF}"
EndProject
Project("{FAE04EC0-301F-11D3-BF4B-00C04F79EFBC}") = "App1.iOS", "App1\App1.iOS\App1.iOS.csproj", "{7FC4F948-0AB2-4D40-8F9B-EFCEC3398D8F}"
EndProject
Project("{FAE04EC0-301F-11D3-BF4B-00C04F79EFBC}") = "App1.Droid", "App1\App1.Droid\App1.Droid.csproj", "{798B48C5-8931-4B21-AF08-6D83284CB5E7}"
EndProject
Project("{FAE04EC0-301F-11D3-BF4B-00C04F79EFBC}") = "App1.WinPhone", "App1\App1.WinPhone\App1.WinPhone.csproj", "{4A60B315-2B52-43DB-8229-3B30CD14BA67}"
EndProject
Global
	GlobalSection(SolutionConfigurationPlatforms) = preSolution
		Ad-Hoc|Any CPU = Ad-Hoc|Any CPU
		Ad-Hoc|ARM = Ad-Hoc|ARM
		Ad-Hoc|iPhone = Ad-Hoc|iPhone
		Ad-Hoc|iPhoneSimulator = Ad-Hoc|iPhoneSimulator
		Ad-Hoc|x86 = Ad-Hoc|x86
		AppStore|Any CPU = AppStore|Any CPU
		AppStore|ARM = AppStore|ARM
		AppStore|iPhone = AppStore|iPhone
		AppStore|iPhoneSimulator = AppStore|iPhoneSimulator
		AppStore|x86 = AppStore|x86
		Debug|Any CPU = Debug|Any CPU
		Debug|ARM = Debug|ARM
		Debug|iPhone = Debug|iPhone
		Debug|iPhoneSimulator = Debug|iPhoneSimulator
		Debug|x86 = Debug|x86
		Release|Any CPU = Release|Any CPU
		Release|ARM = Release|ARM
		Release|iPhone = Release|iPhone
		Release|iPhoneSimulator = Release|iPhoneSimulator
		Release|x86 = Release|x86
	EndGlobalSection
	GlobalSection(ProjectConfigurationPlatforms) = postSolution
		{9E9642F8-90F3-4AF7-BD2F-1B2AFAE9F5CF}.Ad-Hoc|Any CPU.ActiveCfg = Release|Any CPU
		{9E9642F8-90F3-4AF7-BD2F-1B2AFAE9F5CF}.Ad-Hoc|Any CPU.Build.0 = Release|Any CPU
		{9E9642F8-90F3-4AF7-BD2F-1B2AFAE9F5CF}.Ad-Hoc|ARM.ActiveCfg = Release|Any CPU
		{9E9642F8-90F3-4AF7-BD2F-1B2AFAE9F5CF}.Ad-Hoc|ARM.Build.0 = Release|Any CPU
		{9E9642F8-90F3-4AF7-BD2F-1B2AFAE9F5CF}.Ad-Hoc|iPhone.ActiveCfg = Release|Any CPU
		{9E9642F8-90F3-4AF7-BD2F-1B2AFAE9F5CF}.Ad-Hoc|iPhone.Build.0 = Release|Any CPU
		{9E9642F8-90F3-4AF7-BD2F-1B2AFAE9F5CF}.Ad-Hoc|iPhoneSimulator.ActiveCfg = Release|Any CPU
		{9E9642F8-90F3-4AF7-BD2F-1B2AFAE9F5CF}.Ad-Hoc|iPhoneSimulator.Build.0 = Release|Any CPU
		{9E9642F8-90F3-4AF7-BD2F-1B2AFAE9F5CF}.Ad-Hoc|x86.ActiveCfg = Release|Any CPU
		{9E9642F8-90F3-4AF7-BD2F-1B2AFAE9F5CF}.Ad-Hoc|x86.Build.0 = Release|Any CPU
		{9E9642F8-90F3-4AF7-BD2F-1B2AFAE9F5CF}.AppStore|Any CPU.ActiveCfg = Release|Any CPU
		{9E9642F8-90F3-4AF7-BD2F-1B2AFAE9F5CF}.AppStore|Any CPU.Build.0 = Release|Any CPU
		{9E9642F8-90F3-4AF7-BD2F-1B2AFAE9F5CF}.AppStore|ARM.ActiveCfg = Release|Any CPU
		{9E9642F8-90F3-4AF7-BD2F-1B2AFAE9F5CF}.AppStore|ARM.Build.0 = Release|Any CPU
		{9E9642F8-90F3-4AF7-BD2F-1B2AFAE9F5CF}.AppStore|iPhone.ActiveCfg = Release|Any CPU
		{9E9642F8-90F3-4AF7-BD2F-1B2AFAE9F5CF}.AppStore|iPhone.Build.0 = Release|Any CPU
		{9E9642F8-90F3-4AF7-BD2F-1B2AFAE9F5CF}.AppStore|iPhoneSimulator.ActiveCfg = Release|Any CPU
		{9E9642F8-90F3-4AF7-BD2F-1B2AFAE9F5CF}.AppStore|iPhoneSimulator.Build.0 = Release|Any CPU
		{9E9642F8-90F3-4AF7-BD2F-1B2AFAE9F5CF}.AppStore|x86.ActiveCfg = Release|Any CPU
		{9E9642F8-90F3-4AF7-BD2F-1B2AFAE9F5CF}.AppStore|x86.Build.0 = Release|Any CPU
		{9E9642F8-90F3-4AF7-BD2F-1B2AFAE9F5CF}.Debug|Any CPU.ActiveCfg = Debug|Any CPU
		{9E9642F8-90F3-4AF7-BD2F-1B2AFAE9F5CF}.Debug|Any CPU.Build.0 = Debug|Any CPU
		{9E9642F8-90F3-4AF7-BD2F-1B2AFAE9F5CF}.Debug|ARM.ActiveCfg = Debug|Any CPU
		{9E9642F8-90F3-4AF7-BD2F-1B2AFAE9F5CF}.Debug|ARM.Build.0 = Debug|Any CPU
		{9E9642F8-90F3-4AF7-BD2F-1B2AFAE9F5CF}.Debug|iPhone.ActiveCfg = Debug|Any CPU
		{9E9642F8-90F3-4AF7-BD2F-1B2AFAE9F5CF}.Debug|iPhone.Build.0 = Debug|Any CPU
		{9E9642F8-90F3-4AF7-BD2F-1B2AFAE9F5CF}.Debug|iPhoneSimulator.ActiveCfg = Debug|Any CPU
		{9E9642F8-90F3-4AF7-BD2F-1B2AFAE9F5CF}.Debug|iPhoneSimulator.Build.0 = Debug|Any CPU
		{9E9642F8-90F3-4AF7-BD2F-1B2AFAE9F5CF}.Debug|x86.ActiveCfg = Debug|Any CPU
		{9E9642F8-90F3-4AF7-BD2F-1B2AFAE9F5CF}.Debug|x86.Build.0 = Debug|Any CPU
		{9E9642F8-90F3-4AF7-BD2F-1B2AFAE9F5CF}.Release|Any CPU.ActiveCfg = Release|Any CPU
		{9E9642F8-90F3-4AF7-BD2F-1B2AFAE9F5CF}.Release|Any CPU.Build.0 = Release|Any CPU
		{9E9642F8-90F3-4AF7-BD2F-1B2AFAE9F5CF}.Release|ARM.ActiveCfg = Release|Any CPU
		{9E9642F8-90F3-4AF7-BD2F-1B2AFAE9F5CF}.Release|ARM.Build.0 = Release|Any CPU
		{9E9642F8-90F3-4AF7-BD2F-1B2AFAE9F5CF}.Release|iPhone.ActiveCfg = Release|Any CPU
		{9E9642F8-90F3-4AF7-BD2F-1B2AFAE9F5CF}.Release|iPhone.Build.0 = Release|Any CPU
		{9E9642F8-90F3-4AF7-BD2F-1B2AFAE9F5CF}.Release|iPhoneSimulator.ActiveCfg = Release|Any CPU
		{9E9642F8-90F3-4AF7-BD2F-1B2AFAE9F5CF}.Release|iPhoneSimulator.Build.0 = Release|Any CPU
		{9E9642F8-90F3-4AF7-BD2F-1B2AFAE9F5CF}.Release|x86.ActiveCfg = Release|Any CPU
		{9E9642F8-90F3-4AF7-BD2F-1B2AFAE9F5CF}.Release|x86.Build.0 = Release|Any CPU
		{7FC4F948-0AB2-4D40-8F9B-EFCEC3398D8F}.Ad-Hoc|Any CPU.ActiveCfg = Ad-Hoc|iPhone
		{7FC4F948-0AB2-4D40-8F9B-EFCEC3398D8F}.Ad-Hoc|ARM.ActiveCfg = Ad-Hoc|iPhone
		{7FC4F948-0AB2-4D40-8F9B-EFCEC3398D8F}.Ad-Hoc|iPhone.ActiveCfg = Ad-Hoc|iPhone
		{7FC4F948-0AB2-4D40-8F9B-EFCEC3398D8F}.Ad-Hoc|iPhone.Build.0 = Ad-Hoc|iPhone
		{7FC4F948-0AB2-4D40-8F9B-EFCEC3398D8F}.Ad-Hoc|iPhoneSimulator.ActiveCfg = Ad-Hoc|iPhoneSimulator
		{7FC4F948-0AB2-4D40-8F9B-EFCEC3398D8F}.Ad-Hoc|iPhoneSimulator.Build.0 = Ad-Hoc|iPhoneSimulator
		{7FC4F948-0AB2-4D40-8F9B-EFCEC3398D8F}.Ad-Hoc|x86.ActiveCfg = Ad-Hoc|iPhone
		{7FC4F948-0AB2-4D40-8F9B-EFCEC3398D8F}.AppStore|Any CPU.ActiveCfg = AppStore|iPhone
		{7FC4F948-0AB2-4D40-8F9B-EFCEC3398D8F}.AppStore|ARM.ActiveCfg = AppStore|iPhone
		{7FC4F948-0AB2-4D40-8F9B-EFCEC3398D8F}.AppStore|iPhone.ActiveCfg = AppStore|iPhone
		{7FC4F948-0AB2-4D40-8F9B-EFCEC3398D8F}.AppStore|iPhone.Build.0 = AppStore|iPhone
		{7FC4F948-0AB2-4D40-8F9B-EFCEC3398D8F}.AppStore|iPhoneSimulator.ActiveCfg = AppStore|iPhoneSimulator
		{7FC4F948-0AB2-4D40-8F9B-EFCEC3398D8F}.AppStore|iPhoneSimulator.Build.0 = AppStore|iPhoneSimulator
		{7FC4F948-0AB2-4D40-8F9B-EFCEC3398D8F}.AppStore|x86.ActiveCfg = AppStore|iPhone
		{7FC4F948-0AB2-4D40-8F9B-EFCEC3398D8F}.Debug|Any CPU.ActiveCfg = Debug|iPhone
		{7FC4F948-0AB2-4D40-8F9B-EFCEC3398D8F}.Debug|ARM.ActiveCfg = Debug|iPhone
		{7FC4F948-0AB2-4D40-8F9B-EFCEC3398D8F}.Debug|iPhone.ActiveCfg = Debug|iPhone
		{7FC4F948-0AB2-4D40-8F9B-EFCEC3398D8F}.Debug|iPhone.Build.0 = Debug|iPhone
		{7FC4F948-0AB2-4D40-8F9B-EFCEC3398D8F}.Debug|iPhoneSimulator.ActiveCfg = Debug|iPhoneSimulator
		{7FC4F948-0AB2-4D40-8F9B-EFCEC3398D8F}.Debug|iPhoneSimulator.Build.0 = Debug|iPhoneSimulator
		{7FC4F948-0AB2-4D40-8F9B-EFCEC3398D8F}.Debug|x86.ActiveCfg = Debug|iPhone
		{7FC4F948-0AB2-4D40-8F9B-EFCEC3398D8F}.Release|Any CPU.ActiveCfg = Release|iPhone
		{7FC4F948-0AB2-4D40-8F9B-EFCEC3398D8F}.Release|ARM.ActiveCfg = Release|iPhone
		{7FC4F948-0AB2-4D40-8F9B-EFCEC3398D8F}.Release|iPhone.ActiveCfg = Release|iPhone
		{7FC4F948-0AB2-4D40-8F9B-EFCEC3398D8F}.Release|iPhone.Build.0 = Release|iPhone
		{7FC4F948-0AB2-4D40-8F9B-EFCEC3398D8F}.Release|iPhoneSimulator.ActiveCfg = Release|iPhoneSimulator
		{7FC4F948-0AB2-4D40-8F9B-EFCEC3398D8F}.Release|iPhoneSimulator.Build.0 = Release|iPhoneSimulator
		{7FC4F948-0AB2-4D40-8F9B-EFCEC3398D8F}.Release|x86.ActiveCfg = Release|iPhone
		{798B48C5-8931-4B21-AF08-6D83284CB5E7}.Ad-Hoc|Any CPU.ActiveCfg = Release|Any CPU
		{798B48C5-8931-4B21-AF08-6D83284CB5E7}.Ad-Hoc|Any CPU.Build.0 = Release|Any CPU
		{798B48C5-8931-4B21-AF08-6D83284CB5E7}.Ad-Hoc|Any CPU.Deploy.0 = Release|Any CPU
		{798B48C5-8931-4B21-AF08-6D83284CB5E7}.Ad-Hoc|ARM.ActiveCfg = Release|Any CPU
		{798B48C5-8931-4B21-AF08-6D83284CB5E7}.Ad-Hoc|ARM.Build.0 = Release|Any CPU
		{798B48C5-8931-4B21-AF08-6D83284CB5E7}.Ad-Hoc|ARM.Deploy.0 = Release|Any CPU
		{798B48C5-8931-4B21-AF08-6D83284CB5E7}.Ad-Hoc|iPhone.ActiveCfg = Release|Any CPU
		{798B48C5-8931-4B21-AF08-6D83284CB5E7}.Ad-Hoc|iPhone.Build.0 = Release|Any CPU
		{798B48C5-8931-4B21-AF08-6D83284CB5E7}.Ad-Hoc|iPhone.Deploy.0 = Release|Any CPU
		{798B48C5-8931-4B21-AF08-6D83284CB5E7}.Ad-Hoc|iPhoneSimulator.ActiveCfg = Release|Any CPU
		{798B48C5-8931-4B21-AF08-6D83284CB5E7}.Ad-Hoc|iPhoneSimulator.Build.0 = Release|Any CPU
		{798B48C5-8931-4B21-AF08-6D83284CB5E7}.Ad-Hoc|iPhoneSimulator.Deploy.0 = Release|Any CPU
		{798B48C5-8931-4B21-AF08-6D83284CB5E7}.Ad-Hoc|x86.ActiveCfg = Release|Any CPU
		{798B48C5-8931-4B21-AF08-6D83284CB5E7}.Ad-Hoc|x86.Build.0 = Release|Any CPU
		{798B48C5-8931-4B21-AF08-6D83284CB5E7}.Ad-Hoc|x86.Deploy.0 = Release|Any CPU
		{798B48C5-8931-4B21-AF08-6D83284CB5E7}.AppStore|Any CPU.ActiveCfg = Release|Any CPU
		{798B48C5-8931-4B21-AF08-6D83284CB5E7}.AppStore|Any CPU.Build.0 = Release|Any CPU
		{798B48C5-8931-4B21-AF08-6D83284CB5E7}.AppStore|Any CPU.Deploy.0 = Release|Any CPU
		{798B48C5-8931-4B21-AF08-6D83284CB5E7}.AppStore|ARM.ActiveCfg = Release|Any CPU
		{798B48C5-8931-4B21-AF08-6D83284CB5E7}.AppStore|ARM.Build.0 = Release|Any CPU
		{798B48C5-8931-4B21-AF08-6D83284CB5E7}.AppStore|ARM.Deploy.0 = Release|Any CPU
		{798B48C5-8931-4B21-AF08-6D83284CB5E7}.AppStore|iPhone.ActiveCfg = Release|Any CPU
		{798B48C5-8931-4B21-AF08-6D83284CB5E7}.AppStore|iPhone.Build.0 = Release|Any CPU
		{798B48C5-8931-4B21-AF08-6D83284CB5E7}.AppStore|iPhone.Deploy.0 = Release|Any CPU
		{798B48C5-8931-4B21-AF08-6D83284CB5E7}.AppStore|iPhoneSimulator.ActiveCfg = Release|Any CPU
		{798B48C5-8931-4B21-AF08-6D83284CB5E7}.AppStore|iPhoneSimulator.Build.0 = Release|Any CPU
		{798B48C5-8931-4B21-AF08-6D83284CB5E7}.AppStore|iPhoneSimulator.Deploy.0 = Release|Any CPU
		{798B48C5-8931-4B21-AF08-6D83284CB5E7}.AppStore|x86.ActiveCfg = Release|Any CPU
		{798B48C5-8931-4B21-AF08-6D83284CB5E7}.AppStore|x86.Build.0 = Release|Any CPU
		{798B48C5-8931-4B21-AF08-6D83284CB5E7}.AppStore|x86.Deploy.0 = Release|Any CPU
		{798B48C5-8931-4B21-AF08-6D83284CB5E7}.Debug|Any CPU.ActiveCfg = Debug|Any CPU
		{798B48C5-8931-4B21-AF08-6D83284CB5E7}.Debug|Any CPU.Build.0 = Debug|Any CPU
		{798B48C5-8931-4B21-AF08-6D83284CB5E7}.Debug|Any CPU.Deploy.0 = Debug|Any CPU
		{798B48C5-8931-4B21-AF08-6D83284CB5E7}.Debug|ARM.ActiveCfg = Debug|Any CPU
		{798B48C5-8931-4B21-AF08-6D83284CB5E7}.Debug|ARM.Build.0 = Debug|Any CPU
		{798B48C5-8931-4B21-AF08-6D83284CB5E7}.Debug|ARM.Deploy.0 = Debug|Any CPU
		{798B48C5-8931-4B21-AF08-6D83284CB5E7}.Debug|iPhone.ActiveCfg = Debug|Any CPU
		{798B48C5-8931-4B21-AF08-6D83284CB5E7}.Debug|iPhone.Build.0 = Debug|Any CPU
		{798B48C5-8931-4B21-AF08-6D83284CB5E7}.Debug|iPhone.Deploy.0 = Debug|Any CPU
		{798B48C5-8931-4B21-AF08-6D83284CB5E7}.Debug|iPhoneSimulator.ActiveCfg = Debug|Any CPU
		{798B48C5-8931-4B21-AF08-6D83284CB5E7}.Debug|iPhoneSimulator.Build.0 = Debug|Any CPU
		{798B48C5-8931-4B21-AF08-6D83284CB5E7}.Debug|iPhoneSimulator.Deploy.0 = Debug|Any CPU
		{798B48C5-8931-4B21-AF08-6D83284CB5E7}.Debug|x86.ActiveCfg = Debug|Any CPU
		{798B48C5-8931-4B21-AF08-6D83284CB5E7}.Debug|x86.Build.0 = Debug|Any CPU
		{798B48C5-8931-4B21-AF08-6D83284CB5E7}.Debug|x86.Deploy.0 = Debug|Any CPU
		{798B48C5-8931-4B21-AF08-6D83284CB5E7}.Release|Any CPU.ActiveCfg = Release|Any CPU
		{798B48C5-8931-4B21-AF08-6D83284CB5E7}.Release|Any CPU.Build.0 = Release|Any CPU
		{798B48C5-8931-4B21-AF08-6D83284CB5E7}.Release|Any CPU.Deploy.0 = Release|Any CPU
		{798B48C5-8931-4B21-AF08-6D83284CB5E7}.Release|ARM.ActiveCfg = Release|Any CPU
		{798B48C5-8931-4B21-AF08-6D83284CB5E7}.Release|ARM.Build.0 = Release|Any CPU
		{798B48C5-8931-4B21-AF08-6D83284CB5E7}.Release|ARM.Deploy.0 = Release|Any CPU
		{798B48C5-8931-4B21-AF08-6D83284CB5E7}.Release|iPhone.ActiveCfg = Release|Any CPU
		{798B48C5-8931-4B21-AF08-6D83284CB5E7}.Release|iPhone.Build.0 = Release|Any CPU
		{798B48C5-8931-4B21-AF08-6D83284CB5E7}.Release|iPhone.Deploy.0 = Release|Any CPU
		{798B48C5-8931-4B21-AF08-6D83284CB5E7}.Release|iPhoneSimulator.ActiveCfg = Release|Any CPU
		{798B48C5-8931-4B21-AF08-6D83284CB5E7}.Release|iPhoneSimulator.Build.0 = Release|Any CPU
		{798B48C5-8931-4B21-AF08-6D83284CB5E7}.Release|iPhoneSimulator.Deploy.0 = Release|Any CPU
		{798B48C5-8931-4B21-AF08-6D83284CB5E7}.Release|x86.ActiveCfg = Release|Any CPU
		{798B48C5-8931-4B21-AF08-6D83284CB5E7}.Release|x86.Build.0 = Release|Any CPU
		{798B48C5-8931-4B21-AF08-6D83284CB5E7}.Release|x86.Deploy.0 = Release|Any CPU
		{4A60B315-2B52-43DB-8229-3B30CD14BA67}.Ad-Hoc|Any CPU.ActiveCfg = Release|Any CPU
		{4A60B315-2B52-43DB-8229-3B30CD14BA67}.Ad-Hoc|Any CPU.Build.0 = Release|Any CPU
		{4A60B315-2B52-43DB-8229-3B30CD14BA67}.Ad-Hoc|Any CPU.Deploy.0 = Release|Any CPU
		{4A60B315-2B52-43DB-8229-3B30CD14BA67}.Ad-Hoc|ARM.ActiveCfg = Release|ARM
		{4A60B315-2B52-43DB-8229-3B30CD14BA67}.Ad-Hoc|ARM.Build.0 = Release|ARM
		{4A60B315-2B52-43DB-8229-3B30CD14BA67}.Ad-Hoc|ARM.Deploy.0 = Release|ARM
		{4A60B315-2B52-43DB-8229-3B30CD14BA67}.Ad-Hoc|iPhone.ActiveCfg = Release|Any CPU
		{4A60B315-2B52-43DB-8229-3B30CD14BA67}.Ad-Hoc|iPhone.Build.0 = Release|Any CPU
		{4A60B315-2B52-43DB-8229-3B30CD14BA67}.Ad-Hoc|iPhone.Deploy.0 = Release|Any CPU
		{4A60B315-2B52-43DB-8229-3B30CD14BA67}.Ad-Hoc|iPhoneSimulator.ActiveCfg = Release|Any CPU
		{4A60B315-2B52-43DB-8229-3B30CD14BA67}.Ad-Hoc|iPhoneSimulator.Build.0 = Release|Any CPU
		{4A60B315-2B52-43DB-8229-3B30CD14BA67}.Ad-Hoc|iPhoneSimulator.Deploy.0 = Release|Any CPU
		{4A60B315-2B52-43DB-8229-3B30CD14BA67}.Ad-Hoc|x86.ActiveCfg = Release|x86
		{4A60B315-2B52-43DB-8229-3B30CD14BA67}.Ad-Hoc|x86.Build.0 = Release|x86
		{4A60B315-2B52-43DB-8229-3B30CD14BA67}.Ad-Hoc|x86.Deploy.0 = Release|x86
		{4A60B315-2B52-43DB-8229-3B30CD14BA67}.AppStore|Any CPU.ActiveCfg = Release|Any CPU
		{4A60B315-2B52-43DB-8229-3B30CD14BA67}.AppStore|Any CPU.Build.0 = Release|Any CPU
		{4A60B315-2B52-43DB-8229-3B30CD14BA67}.AppStore|Any CPU.Deploy.0 = Release|Any CPU
		{4A60B315-2B52-43DB-8229-3B30CD14BA67}.AppStore|ARM.ActiveCfg = Release|ARM
		{4A60B315-2B52-43DB-8229-3B30CD14BA67}.AppStore|ARM.Build.0 = Release|ARM
		{4A60B315-2B52-43DB-8229-3B30CD14BA67}.AppStore|ARM.Deploy.0 = Release|ARM
		{4A60B315-2B52-43DB-8229-3B30CD14BA67}.AppStore|iPhone.ActiveCfg = Release|Any CPU
		{4A60B315-2B52-43DB-8229-3B30CD14BA67}.AppStore|iPhone.Build.0 = Release|Any CPU
		{4A60B315-2B52-43DB-8229-3B30CD14BA67}.AppStore|iPhone.Deploy.0 = Release|Any CPU
		{4A60B315-2B52-43DB-8229-3B30CD14BA67}.AppStore|iPhoneSimulator.ActiveCfg = Release|Any CPU
		{4A60B315-2B52-43DB-8229-3B30CD14BA67}.AppStore|iPhoneSimulator.Build.0 = Release|Any CPU
		{4A60B315-2B52-43DB-8229-3B30CD14BA67}.AppStore|iPhoneSimulator.Deploy.0 = Release|Any CPU
		{4A60B315-2B52-43DB-8229-3B30CD14BA67}.AppStore|x86.ActiveCfg = Release|x86
		{4A60B315-2B52-43DB-8229-3B30CD14BA67}.AppStore|x86.Build.0 = Release|x86
		{4A60B315-2B52-43DB-8229-3B30CD14BA67}.AppStore|x86.Deploy.0 = Release|x86
		{4A60B315-2B52-43DB-8229-3B30CD14BA67}.Debug|Any CPU.ActiveCfg = Debug|Any CPU
		{4A60B315-2B52-43DB-8229-3B30CD14BA67}.Debug|Any CPU.Build.0 = Debug|Any CPU
		{4A60B315-2B52-43DB-8229-3B30CD14BA67}.Debug|Any CPU.Deploy.0 = Debug|Any CPU
		{4A60B315-2B52-43DB-8229-3B30CD14BA67}.Debug|ARM.ActiveCfg = Debug|ARM
		{4A60B315-2B52-43DB-8229-3B30CD14BA67}.Debug|ARM.Build.0 = Debug|ARM
		{4A60B315-2B52-43DB-8229-3B30CD14BA67}.Debug|ARM.Deploy.0 = Debug|ARM
		{4A60B315-2B52-43DB-8229-3B30CD14BA67}.Debug|iPhone.ActiveCfg = Debug|Any CPU
		{4A60B315-2B52-43DB-8229-3B30CD14BA67}.Debug|iPhone.Build.0 = Debug|Any CPU
		{4A60B315-2B52-43DB-8229-3B30CD14BA67}.Debug|iPhone.Deploy.0 = Debug|Any CPU
		{4A60B315-2B52-43DB-8229-3B30CD14BA67}.Debug|iPhoneSimulator.ActiveCfg = Debug|Any CPU
		{4A60B315-2B52-43DB-8229-3B30CD14BA67}.Debug|iPhoneSimulator.Build.0 = Debug|Any CPU
		{4A60B315-2B52-43DB-8229-3B30CD14BA67}.Debug|iPhoneSimulator.Deploy.0 = Debug|Any CPU
		{4A60B315-2B52-43DB-8229-3B30CD14BA67}.Debug|x86.ActiveCfg = Debug|x86
		{4A60B315-2B52-43DB-8229-3B30CD14BA67}.Debug|x86.Build.0 = Debug|x86
		{4A60B315-2B52-43DB-8229-3B30CD14BA67}.Debug|x86.Deploy.0 = Debug|x86
		{4A60B315-2B52-43DB-8229-3B30CD14BA67}.Release|Any CPU.ActiveCfg = Release|Any CPU
		{4A60B315-2B52-43DB-8229-3B30CD14BA67}.Release|Any CPU.Build.0 = Release|Any CPU
		{4A60B315-2B52-43DB-8229-3B30CD14BA67}.Release|Any CPU.Deploy.0 = Release|Any CPU
		{4A60B315-2B52-43DB-8229-3B30CD14BA67}.Release|ARM.ActiveCfg = Release|ARM
		{4A60B315-2B52-43DB-8229-3B30CD14BA67}.Release|ARM.Build.0 = Release|ARM
		{4A60B315-2B52-43DB-8229-3B30CD14BA67}.Release|ARM.Deploy.0 = Release|ARM
		{4A60B315-2B52-43DB-8229-3B30CD14BA67}.Release|iPhone.ActiveCfg = Release|Any CPU
		{4A60B315-2B52-43DB-8229-3B30CD14BA67}.Release|iPhone.Build.0 = Release|Any CPU
		{4A60B315-2B52-43DB-8229-3B30CD14BA67}.Release|iPhone.Deploy.0 = Release|Any CPU
		{4A60B315-2B52-43DB-8229-3B30CD14BA67}.Release|iPhoneSimulator.ActiveCfg = Release|Any CPU
		{4A60B315-2B52-43DB-8229-3B30CD14BA67}.Release|iPhoneSimulator.Build.0 = Release|Any CPU
		{4A60B315-2B52-43DB-8229-3B30CD14BA67}.Release|iPhoneSimulator.Deploy.0 = Release|Any CPU
		{4A60B315-2B52-43DB-8229-3B30CD14BA67}.Release|x86.ActiveCfg = Release|x86
		{4A60B315-2B52-43DB-8229-3B30CD14BA67}.Release|x86.Build.0 = Release|x86
		{4A60B315-2B52-43DB-8229-3B30CD14BA67}.Release|x86.Deploy.0 = Release|x86
	EndGlobalSection
	GlobalSection(SolutionProperties) = preSolution
		HideSolutionNode = FALSE
	EndGlobalSection
EndGlobal
