
Microsoft Visual Studio Solution File, Format Version 12.00
# Visual Studio 14
VisualStudioVersion = 14.0.23107.0
MinimumVisualStudioVersion = 10.0.40219.1
Project("{FAE04EC0-301F-11D3-BF4B-00C04F79EFBC}") = "ScouterWeb", "ScouterWeb\ScouterWeb.csproj", "{89EBF04A-CA70-4832-AF10-7A80F31A5197}"
EndProject
Project("{8BC9CEB8-8B4A-11D0-8D11-00A0C91BC942}") = "Scouter.Setup", "Scouter.Setup\Scouter.Setup.vcxproj", "{356A965E-E038-4CE2-87D6-56D53CC2994F}"
EndProject
Project("{FAE04EC0-301F-11D3-BF4B-00C04F79EFBC}") = "Scouter.Data", "..\Scouter.Data\Scouter.Data.csproj", "{7C1A4E7F-DCE0-4AD5-A515-9850A5CDC680}"
EndProject
Project("{FAE04EC0-301F-11D3-BF4B-00C04F79EFBC}") = "Scouter.Models", "..\Scouter.Models\Scouter.Models.csproj", "{8F424FB5-1ACF-494D-A884-44EE362283B3}"
EndProject
Project("{FAE04EC0-301F-11D3-BF4B-00C04F79EFBC}") = "Scouter.ConsoleApp", "..\ConsoleApp\Scouter.ConsoleApp.csproj", "{66EE6184-48F5-4AD9-85BD-A8349F86718E}"
EndProject
Global
	GlobalSection(SolutionConfigurationPlatforms) = preSolution
		ConsoleApp|Any CPU = ConsoleApp|Any CPU
		ConsoleApp|x64 = ConsoleApp|x64
		ConsoleApp|x86 = ConsoleApp|x86
		Debug|Any CPU = Debug|Any CPU
		Debug|x64 = Debug|x64
		Debug|x86 = Debug|x86
		Release|Any CPU = Release|Any CPU
		Release|x64 = Release|x64
		Release|x86 = Release|x86
	EndGlobalSection
	GlobalSection(ProjectConfigurationPlatforms) = postSolution
		{89EBF04A-CA70-4832-AF10-7A80F31A5197}.ConsoleApp|Any CPU.ActiveCfg = Release|Any CPU
		{89EBF04A-CA70-4832-AF10-7A80F31A5197}.ConsoleApp|Any CPU.Build.0 = Release|Any CPU
		{89EBF04A-CA70-4832-AF10-7A80F31A5197}.ConsoleApp|x64.ActiveCfg = Release|Any CPU
		{89EBF04A-CA70-4832-AF10-7A80F31A5197}.ConsoleApp|x64.Build.0 = Release|Any CPU
		{89EBF04A-CA70-4832-AF10-7A80F31A5197}.ConsoleApp|x86.ActiveCfg = Release|Any CPU
		{89EBF04A-CA70-4832-AF10-7A80F31A5197}.ConsoleApp|x86.Build.0 = Release|Any CPU
		{89EBF04A-CA70-4832-AF10-7A80F31A5197}.Debug|Any CPU.ActiveCfg = Debug|Any CPU
		{89EBF04A-CA70-4832-AF10-7A80F31A5197}.Debug|Any CPU.Build.0 = Debug|Any CPU
		{89EBF04A-CA70-4832-AF10-7A80F31A5197}.Debug|x64.ActiveCfg = Debug|Any CPU
		{89EBF04A-CA70-4832-AF10-7A80F31A5197}.Debug|x64.Build.0 = Debug|Any CPU
		{89EBF04A-CA70-4832-AF10-7A80F31A5197}.Debug|x86.ActiveCfg = Debug|Any CPU
		{89EBF04A-CA70-4832-AF10-7A80F31A5197}.Debug|x86.Build.0 = Debug|Any CPU
		{89EBF04A-CA70-4832-AF10-7A80F31A5197}.Release|Any CPU.ActiveCfg = Release|Any CPU
		{89EBF04A-CA70-4832-AF10-7A80F31A5197}.Release|Any CPU.Build.0 = Release|Any CPU
		{89EBF04A-CA70-4832-AF10-7A80F31A5197}.Release|x64.ActiveCfg = Release|Any CPU
		{89EBF04A-CA70-4832-AF10-7A80F31A5197}.Release|x64.Build.0 = Release|Any CPU
		{89EBF04A-CA70-4832-AF10-7A80F31A5197}.Release|x86.ActiveCfg = Release|Any CPU
		{89EBF04A-CA70-4832-AF10-7A80F31A5197}.Release|x86.Build.0 = Release|Any CPU
		{356A965E-E038-4CE2-87D6-56D53CC2994F}.ConsoleApp|Any CPU.ActiveCfg = Release|x64
		{356A965E-E038-4CE2-87D6-56D53CC2994F}.ConsoleApp|Any CPU.Build.0 = Release|x64
		{356A965E-E038-4CE2-87D6-56D53CC2994F}.ConsoleApp|x64.ActiveCfg = Release|x64
		{356A965E-E038-4CE2-87D6-56D53CC2994F}.ConsoleApp|x64.Build.0 = Release|x64
		{356A965E-E038-4CE2-87D6-56D53CC2994F}.ConsoleApp|x86.ActiveCfg = Release|Win32
		{356A965E-E038-4CE2-87D6-56D53CC2994F}.ConsoleApp|x86.Build.0 = Release|Win32
		{356A965E-E038-4CE2-87D6-56D53CC2994F}.Debug|Any CPU.ActiveCfg = Debug|Win32
		{356A965E-E038-4CE2-87D6-56D53CC2994F}.Debug|x64.ActiveCfg = Debug|x64
		{356A965E-E038-4CE2-87D6-56D53CC2994F}.Debug|x64.Build.0 = Debug|x64
		{356A965E-E038-4CE2-87D6-56D53CC2994F}.Debug|x86.ActiveCfg = Debug|Win32
		{356A965E-E038-4CE2-87D6-56D53CC2994F}.Debug|x86.Build.0 = Debug|Win32
		{356A965E-E038-4CE2-87D6-56D53CC2994F}.Release|Any CPU.ActiveCfg = Release|Win32
		{356A965E-E038-4CE2-87D6-56D53CC2994F}.Release|x64.ActiveCfg = Release|x64
		{356A965E-E038-4CE2-87D6-56D53CC2994F}.Release|x64.Build.0 = Release|x64
		{356A965E-E038-4CE2-87D6-56D53CC2994F}.Release|x86.ActiveCfg = Release|Win32
		{356A965E-E038-4CE2-87D6-56D53CC2994F}.Release|x86.Build.0 = Release|Win32
		{7C1A4E7F-DCE0-4AD5-A515-9850A5CDC680}.ConsoleApp|Any CPU.ActiveCfg = ConsoleApp|Any CPU
		{7C1A4E7F-DCE0-4AD5-A515-9850A5CDC680}.ConsoleApp|Any CPU.Build.0 = ConsoleApp|Any CPU
		{7C1A4E7F-DCE0-4AD5-A515-9850A5CDC680}.ConsoleApp|x64.ActiveCfg = ConsoleApp|Any CPU
		{7C1A4E7F-DCE0-4AD5-A515-9850A5CDC680}.ConsoleApp|x64.Build.0 = ConsoleApp|Any CPU
		{7C1A4E7F-DCE0-4AD5-A515-9850A5CDC680}.ConsoleApp|x86.ActiveCfg = ConsoleApp|Any CPU
		{7C1A4E7F-DCE0-4AD5-A515-9850A5CDC680}.ConsoleApp|x86.Build.0 = ConsoleApp|Any CPU
		{7C1A4E7F-DCE0-4AD5-A515-9850A5CDC680}.Debug|Any CPU.ActiveCfg = Debug|Any CPU
		{7C1A4E7F-DCE0-4AD5-A515-9850A5CDC680}.Debug|Any CPU.Build.0 = Debug|Any CPU
		{7C1A4E7F-DCE0-4AD5-A515-9850A5CDC680}.Debug|x64.ActiveCfg = Debug|Any CPU
		{7C1A4E7F-DCE0-4AD5-A515-9850A5CDC680}.Debug|x64.Build.0 = Debug|Any CPU
		{7C1A4E7F-DCE0-4AD5-A515-9850A5CDC680}.Debug|x86.ActiveCfg = Debug|Any CPU
		{7C1A4E7F-DCE0-4AD5-A515-9850A5CDC680}.Debug|x86.Build.0 = Debug|Any CPU
		{7C1A4E7F-DCE0-4AD5-A515-9850A5CDC680}.Release|Any CPU.ActiveCfg = Release|Any CPU
		{7C1A4E7F-DCE0-4AD5-A515-9850A5CDC680}.Release|Any CPU.Build.0 = Release|Any CPU
		{7C1A4E7F-DCE0-4AD5-A515-9850A5CDC680}.Release|x64.ActiveCfg = Release|Any CPU
		{7C1A4E7F-DCE0-4AD5-A515-9850A5CDC680}.Release|x64.Build.0 = Release|Any CPU
		{7C1A4E7F-DCE0-4AD5-A515-9850A5CDC680}.Release|x86.ActiveCfg = Release|Any CPU
		{7C1A4E7F-DCE0-4AD5-A515-9850A5CDC680}.Release|x86.Build.0 = Release|Any CPU
		{8F424FB5-1ACF-494D-A884-44EE362283B3}.ConsoleApp|Any CPU.ActiveCfg = ConsoleApp|Any CPU
		{8F424FB5-1ACF-494D-A884-44EE362283B3}.ConsoleApp|Any CPU.Build.0 = ConsoleApp|Any CPU
		{8F424FB5-1ACF-494D-A884-44EE362283B3}.ConsoleApp|x64.ActiveCfg = ConsoleApp|Any CPU
		{8F424FB5-1ACF-494D-A884-44EE362283B3}.ConsoleApp|x64.Build.0 = ConsoleApp|Any CPU
		{8F424FB5-1ACF-494D-A884-44EE362283B3}.ConsoleApp|x86.ActiveCfg = ConsoleApp|Any CPU
		{8F424FB5-1ACF-494D-A884-44EE362283B3}.ConsoleApp|x86.Build.0 = ConsoleApp|Any CPU
		{8F424FB5-1ACF-494D-A884-44EE362283B3}.Debug|Any CPU.ActiveCfg = Debug|Any CPU
		{8F424FB5-1ACF-494D-A884-44EE362283B3}.Debug|Any CPU.Build.0 = Debug|Any CPU
		{8F424FB5-1ACF-494D-A884-44EE362283B3}.Debug|x64.ActiveCfg = Debug|Any CPU
		{8F424FB5-1ACF-494D-A884-44EE362283B3}.Debug|x64.Build.0 = Debug|Any CPU
		{8F424FB5-1ACF-494D-A884-44EE362283B3}.Debug|x86.ActiveCfg = Debug|Any CPU
		{8F424FB5-1ACF-494D-A884-44EE362283B3}.Debug|x86.Build.0 = Debug|Any CPU
		{8F424FB5-1ACF-494D-A884-44EE362283B3}.Release|Any CPU.ActiveCfg = Release|Any CPU
		{8F424FB5-1ACF-494D-A884-44EE362283B3}.Release|Any CPU.Build.0 = Release|Any CPU
		{8F424FB5-1ACF-494D-A884-44EE362283B3}.Release|x64.ActiveCfg = Release|Any CPU
		{8F424FB5-1ACF-494D-A884-44EE362283B3}.Release|x64.Build.0 = Release|Any CPU
		{8F424FB5-1ACF-494D-A884-44EE362283B3}.Release|x86.ActiveCfg = Release|Any CPU
		{8F424FB5-1ACF-494D-A884-44EE362283B3}.Release|x86.Build.0 = Release|Any CPU
		{66EE6184-48F5-4AD9-85BD-A8349F86718E}.ConsoleApp|Any CPU.ActiveCfg = ConsoleApp|Any CPU
		{66EE6184-48F5-4AD9-85BD-A8349F86718E}.ConsoleApp|Any CPU.Build.0 = ConsoleApp|Any CPU
		{66EE6184-48F5-4AD9-85BD-A8349F86718E}.ConsoleApp|x64.ActiveCfg = ConsoleApp|Any CPU
		{66EE6184-48F5-4AD9-85BD-A8349F86718E}.ConsoleApp|x64.Build.0 = ConsoleApp|Any CPU
		{66EE6184-48F5-4AD9-85BD-A8349F86718E}.ConsoleApp|x86.ActiveCfg = ConsoleApp|Any CPU
		{66EE6184-48F5-4AD9-85BD-A8349F86718E}.ConsoleApp|x86.Build.0 = ConsoleApp|Any CPU
		{66EE6184-48F5-4AD9-85BD-A8349F86718E}.Debug|Any CPU.ActiveCfg = Debug|Any CPU
		{66EE6184-48F5-4AD9-85BD-A8349F86718E}.Debug|Any CPU.Build.0 = Debug|Any CPU
		{66EE6184-48F5-4AD9-85BD-A8349F86718E}.Debug|x64.ActiveCfg = Debug|Any CPU
		{66EE6184-48F5-4AD9-85BD-A8349F86718E}.Debug|x64.Build.0 = Debug|Any CPU
		{66EE6184-48F5-4AD9-85BD-A8349F86718E}.Debug|x86.ActiveCfg = Debug|Any CPU
		{66EE6184-48F5-4AD9-85BD-A8349F86718E}.Debug|x86.Build.0 = Debug|Any CPU
		{66EE6184-48F5-4AD9-85BD-A8349F86718E}.Release|Any CPU.ActiveCfg = Release|Any CPU
		{66EE6184-48F5-4AD9-85BD-A8349F86718E}.Release|Any CPU.Build.0 = Release|Any CPU
		{66EE6184-48F5-4AD9-85BD-A8349F86718E}.Release|x64.ActiveCfg = Release|Any CPU
		{66EE6184-48F5-4AD9-85BD-A8349F86718E}.Release|x64.Build.0 = Release|Any CPU
		{66EE6184-48F5-4AD9-85BD-A8349F86718E}.Release|x86.ActiveCfg = Release|Any CPU
		{66EE6184-48F5-4AD9-85BD-A8349F86718E}.Release|x86.Build.0 = Release|Any CPU
	EndGlobalSection
	GlobalSection(SolutionProperties) = preSolution
		HideSolutionNode = FALSE
	EndGlobalSection
EndGlobal
